// !$*UTF8*$!
{
	archiveVersion = 1;
	classes = {
	};
	objectVersion = 77;
	objects = {

/* Begin PBXBuildFile section */
		3F8823E32FA9E3350070C89C /* WidgetKit.framework in Frameworks */ = {isa = PBXBuildFile; fileRef = 3F8823E22FA9E3350070C89C /* WidgetKit.framework */; };
		3F8823E52FA9E3350070C89C /* SwiftUI.framework in Frameworks */ = {isa = PBXBuildFile; fileRef = 3F8823E42FA9E3350070C89C /* SwiftUI.framework */; };
		3F8823F22FA9E3370070C89C /* Bus_ScheduleWidgetExtension.appex in Embed Foundation Extensions */ = {isa = PBXBuildFile; fileRef = 3F8823E02FA9E3350070C89C /* Bus_ScheduleWidgetExtension.appex */; settings = {ATTRIBUTES = (RemoveHeadersOnCopy, ); }; };
		3F8824122FA9F5B20070C89C /* BusScheduleCore in Frameworks */ = {isa = PBXBuildFile; productRef = 3F8824112FA9F5B20070C89C /* BusScheduleCore */; };
		3F8824142FA9F62F0070C89C /* BusScheduleCore in Frameworks */ = {isa = PBXBuildFile; productRef = 3F8824132FA9F62F0070C89C /* BusScheduleCore */; };
		3F8824232FA9F6A50070C89C /* Bus_ScheduleWatch Watch App.app in Embed Watch Content */ = {isa = PBXBuildFile; fileRef = 3F8824192FA9F6A40070C89C /* Bus_ScheduleWatch Watch App.app */; settings = {ATTRIBUTES = (RemoveHeadersOnCopy, ); }; };
		3F8824322FA9F74A0070C89C /* WidgetKit.framework in Frameworks */ = {isa = PBXBuildFile; fileRef = 3F8823E22FA9E3350070C89C /* WidgetKit.framework */; };
		3F8824332FA9F74A0070C89C /* SwiftUI.framework in Frameworks */ = {isa = PBXBuildFile; fileRef = 3F8823E42FA9E3350070C89C /* SwiftUI.framework */; };
		3F8824402FA9F74B0070C89C /* Bus_ScheduleWatchWidgetExtension.appex in Embed Foundation Extensions */ = {isa = PBXBuildFile; fileRef = 3F8824312FA9F74A0070C89C /* Bus_ScheduleWatchWidgetExtension.appex */; settings = {ATTRIBUTES = (RemoveHeadersOnCopy, ); }; };
		3F8824832FA9F9E20070C89C /* BusScheduleCore in Frameworks */ = {isa = PBXBuildFile; productRef = 3F8824822FA9F9E20070C89C /* BusScheduleCore */; };
		3F8824852FA9F9ED0070C89C /* BusScheduleCore in Frameworks */ = {isa = PBXBuildFile; productRef = 3F8824842FA9F9ED0070C89C /* BusScheduleCore */; };
/* End PBXBuildFile section */

/* Begin PBXContainerItemProxy section */
		3F8823F02FA9E3370070C89C /* PBXContainerItemProxy */ = {
			isa = PBXContainerItemProxy;
			containerPortal = 3F735EC82CE1BE3700C1BB86 /* Project object */;
			proxyType = 1;
			remoteGlobalIDString = 3F8823DF2FA9E3350070C89C;
			remoteInfo = Bus_ScheduleWidgetExtension;
		};
		3F8824212FA9F6A50070C89C /* PBXContainerItemProxy */ = {
			isa = PBXContainerItemProxy;
			containerPortal = 3F735EC82CE1BE3700C1BB86 /* Project object */;
			proxyType = 1;
			remoteGlobalIDString = 3F8824182FA9F6A40070C89C;
			remoteInfo = "Bus_ScheduleWatch Watch App";
		};
		3F88243E2FA9F74B0070C89C /* PBXContainerItemProxy */ = {
			isa = PBXContainerItemProxy;
			containerPortal = 3F735EC82CE1BE3700C1BB86 /* Project object */;
			proxyType = 1;
			remoteGlobalIDString = 3F8824302FA9F74A0070C89C;
			remoteInfo = Bus_ScheduleWatchWidgetExtension;
		};
/* End PBXContainerItemProxy section */

/* Begin PBXCopyFilesBuildPhase section */
		3F8823F72FA9E3370070C89C /* Embed Foundation Extensions */ = {
			isa = PBXCopyFilesBuildPhase;
			buildActionMask = 2147483647;
			dstPath = "";
			dstSubfolderSpec = 13;
			files = (
				3F8823F22FA9E3370070C89C /* Bus_ScheduleWidgetExtension.appex in Embed Foundation Extensions */,
			);
			name = "Embed Foundation Extensions";
			runOnlyForDeploymentPostprocessing = 0;
		};
		3F8824272FA9F6A50070C89C /* Embed Watch Content */ = {
			isa = PBXCopyFilesBuildPhase;
			buildActionMask = 2147483647;
			dstPath = "$(CONTENTS_FOLDER_PATH)/Watch";
			dstSubfolderSpec = 16;
			files = (
				3F8824232FA9F6A50070C89C /* Bus_ScheduleWatch Watch App.app in Embed Watch Content */,
			);
			name = "Embed Watch Content";
			runOnlyForDeploymentPostprocessing = 0;
		};
		3F8824452FA9F74B0070C89C /* Embed Foundation Extensions */ = {
			isa = PBXCopyFilesBuildPhase;
			buildActionMask = 2147483647;
			dstPath = "";
			dstSubfolderSpec = 13;
			files = (
				3F8824402FA9F74B0070C89C /* Bus_ScheduleWatchWidgetExtension.appex in Embed Foundation Extensions */,
			);
			name = "Embed Foundation Extensions";
			runOnlyForDeploymentPostprocessing = 0;
		};
/* End PBXCopyFilesBuildPhase section */

/* Begin PBXFileReference section */
		3F735ED02CE1BE3700C1BB86 /* Bus_Schedule.app */ = {isa = PBXFileReference; explicitFileType = wrapper.application; includeInIndex = 0; path = Bus_Schedule.app; sourceTree = BUILT_PRODUCTS_DIR; };
		3F8823E02FA9E3350070C89C /* Bus_ScheduleWidgetExtension.appex */ = {isa = PBXFileReference; explicitFileType = "wrapper.app-extension"; includeInIndex = 0; path = Bus_ScheduleWidgetExtension.appex; sourceTree = BUILT_PRODUCTS_DIR; };
		3F8823E22FA9E3350070C89C /* WidgetKit.framework */ = {isa = PBXFileReference; lastKnownFileType = wrapper.framework; name = WidgetKit.framework; path = System/Library/Frameworks/WidgetKit.framework; sourceTree = SDKROOT; };
		3F8823E42FA9E3350070C89C /* SwiftUI.framework */ = {isa = PBXFileReference; lastKnownFileType = wrapper.framework; name = SwiftUI.framework; path = System/Library/Frameworks/SwiftUI.framework; sourceTree = SDKROOT; };
		3F88240F2FA9E6D90070C89C /* Bus_ScheduleWidgetExtension.entitlements */ = {isa = PBXFileReference; lastKnownFileType = text.plist.entitlements; path = Bus_ScheduleWidgetExtension.entitlements; sourceTree = "<group>"; };
		3F8824192FA9F6A40070C89C /* Bus_ScheduleWatch Watch App.app */ = {isa = PBXFileReference; explicitFileType = wrapper.application; includeInIndex = 0; path = "Bus_ScheduleWatch Watch App.app"; sourceTree = BUILT_PRODUCTS_DIR; };
		3F8824312FA9F74A0070C89C /* Bus_ScheduleWatchWidgetExtension.appex */ = {isa = PBXFileReference; explicitFileType = "wrapper.app-extension"; includeInIndex = 0; path = Bus_ScheduleWatchWidgetExtension.appex; sourceTree = BUILT_PRODUCTS_DIR; };
		3F8824862FA9FA1B0070C89C /* Bus_ScheduleWatchWidgetExtension.entitlements */ = {isa = PBXFileReference; lastKnownFileType = text.plist.entitlements; path = Bus_ScheduleWatchWidgetExtension.entitlements; sourceTree = "<group>"; };
/* End PBXFileReference section */

/* Begin PBXFileSystemSynchronizedBuildFileExceptionSet section */
		3F8823F32FA9E3370070C89C /* Exceptions for "Bus_ScheduleWidget" folder in "Bus_ScheduleWidgetExtension" target */ = {
			isa = PBXFileSystemSynchronizedBuildFileExceptionSet;
			membershipExceptions = (
				Info.plist,
			);
			target = 3F8823DF2FA9E3350070C89C /* Bus_ScheduleWidgetExtension */;
		};
		3F8824412FA9F74B0070C89C /* Exceptions for "Bus_ScheduleWatchWidget" folder in "Bus_ScheduleWatchWidgetExtension" target */ = {
			isa = PBXFileSystemSynchronizedBuildFileExceptionSet;
			membershipExceptions = (
				Info.plist,
			);
			target = 3F8824302FA9F74A0070C89C /* Bus_ScheduleWatchWidgetExtension */;
		};
/* End PBXFileSystemSynchronizedBuildFileExceptionSet section */

/* Begin PBXFileSystemSynchronizedRootGroup section */
		3F735ED22CE1BE3700C1BB86 /* Bus_Schedule */ = {
			isa = PBXFileSystemSynchronizedRootGroup;
			path = Bus_Schedule;
			sourceTree = "<group>";
		};
		3F8823E62FA9E3350070C89C /* Bus_ScheduleWidget */ = {
			isa = PBXFileSystemSynchronizedRootGroup;
			exceptions = (
				3F8823F32FA9E3370070C89C /* Exceptions for "Bus_ScheduleWidget" folder in "Bus_ScheduleWidgetExtension" target */,
			);
			path = Bus_ScheduleWidget;
			sourceTree = "<group>";
		};
		3F88241A2FA9F6A40070C89C /* Bus_ScheduleWatch Watch App */ = {
			isa = PBXFileSystemSynchronizedRootGroup;
			path = "Bus_ScheduleWatch Watch App";
			sourceTree = "<group>";
		};
		3F8824342FA9F74A0070C89C /* Bus_ScheduleWatchWidget */ = {
			isa = PBXFileSystemSynchronizedRootGroup;
			exceptions = (
				3F8824412FA9F74B0070C89C /* Exceptions for "Bus_ScheduleWatchWidget" folder in "Bus_ScheduleWatchWidgetExtension" target */,
			);
			path = Bus_ScheduleWatchWidget;
			sourceTree = "<group>";
		};
/* End PBXFileSystemSynchronizedRootGroup section */

/* Begin PBXFrameworksBuildPhase section */
		3F735ECD2CE1BE3700C1BB86 /* Frameworks */ = {
			isa = PBXFrameworksBuildPhase;
			buildActionMask = 2147483647;
			files = (
				3F8824122FA9F5B20070C89C /* BusScheduleCore in Frameworks */,
			);
			runOnlyForDeploymentPostprocessing = 0;
		};
		3F8823DD2FA9E3350070C89C /* Frameworks */ = {
			isa = PBXFrameworksBuildPhase;
			buildActionMask = 2147483647;
			files = (
				3F8823E52FA9E3350070C89C /* SwiftUI.framework in Frameworks */,
				3F8823E32FA9E3350070C89C /* WidgetKit.framework in Frameworks */,
				3F8824142FA9F62F0070C89C /* BusScheduleCore in Frameworks */,
			);
			runOnlyForDeploymentPostprocessing = 0;
		};
		3F8824162FA9F6A40070C89C /* Frameworks */ = {
			isa = PBXFrameworksBuildPhase;
			buildActionMask = 2147483647;
			files = (
				3F8824832FA9F9E20070C89C /* BusScheduleCore in Frameworks */,
			);
			runOnlyForDeploymentPostprocessing = 0;
		};
		3F88242E2FA9F74A0070C89C /* Frameworks */ = {
			isa = PBXFrameworksBuildPhase;
			buildActionMask = 2147483647;
			files = (
				3F8824332FA9F74A0070C89C /* SwiftUI.framework in Frameworks */,
				3F8824322FA9F74A0070C89C /* WidgetKit.framework in Frameworks */,
				3F8824852FA9F9ED0070C89C /* BusScheduleCore in Frameworks */,
			);
			runOnlyForDeploymentPostprocessing = 0;
		};
/* End PBXFrameworksBuildPhase section */

/* Begin PBXGroup section */
		3F735EC72CE1BE3700C1BB86 = {
			isa = PBXGroup;
			children = (
				3F8824862FA9FA1B0070C89C /* Bus_ScheduleWatchWidgetExtension.entitlements */,
				3F88240F2FA9E6D90070C89C /* Bus_ScheduleWidgetExtension.entitlements */,
				3F735ED22CE1BE3700C1BB86 /* Bus_Schedule */,
				3F8823E62FA9E3350070C89C /* Bus_ScheduleWidget */,
				3F88241A2FA9F6A40070C89C /* Bus_ScheduleWatch Watch App */,
				3F8824342FA9F74A0070C89C /* Bus_ScheduleWatchWidget */,
				3F8823E12FA9E3350070C89C /* Frameworks */,
				3F735ED12CE1BE3700C1BB86 /* Products */,
			);
			sourceTree = "<group>";
		};
		3F735ED12CE1BE3700C1BB86 /* Products */ = {
			isa = PBXGroup;
			children = (
				3F735ED02CE1BE3700C1BB86 /* Bus_Schedule.app */,
				3F8823E02FA9E3350070C89C /* Bus_ScheduleWidgetExtension.appex */,
				3F8824192FA9F6A40070C89C /* Bus_ScheduleWatch Watch App.app */,
				3F8824312FA9F74A0070C89C /* Bus_ScheduleWatchWidgetExtension.appex */,
			);
			name = Products;
			sourceTree = "<group>";
		};
		3F8823E12FA9E3350070C89C /* Frameworks */ = {
			isa = PBXGroup;
			children = (
				3F8823E22FA9E3350070C89C /* WidgetKit.framework */,
				3F8823E42FA9E3350070C89C /* SwiftUI.framework */,
			);
			name = Frameworks;
			sourceTree = "<group>";
		};
/* End PBXGroup section */

/* Begin PBXNativeTarget section */
		3F735ECF2CE1BE3700C1BB86 /* Bus_Schedule */ = {
			isa = PBXNativeTarget;
			buildConfigurationList = 3F735EDF2CE1BE3800C1BB86 /* Build configuration list for PBXNativeTarget "Bus_Schedule" */;
			buildPhases = (
				3F735ECC2CE1BE3700C1BB86 /* Sources */,
				3F735ECD2CE1BE3700C1BB86 /* Frameworks */,
				3F735ECE2CE1BE3700C1BB86 /* Resources */,
				3F8823F72FA9E3370070C89C /* Embed Foundation Extensions */,
				3F8824272FA9F6A50070C89C /* Embed Watch Content */,
			);
			buildRules = (
			);
			dependencies = (
				3F8823F12FA9E3370070C89C /* PBXTargetDependency */,
				3F8824222FA9F6A50070C89C /* PBXTargetDependency */,
			);
			fileSystemSynchronizedGroups = (
				3F735ED22CE1BE3700C1BB86 /* Bus_Schedule */,
			);
			name = Bus_Schedule;
			packageProductDependencies = (
				3F8824112FA9F5B20070C89C /* BusScheduleCore */,
			);
			productName = Bus_Schedule;
			productReference = 3F735ED02CE1BE3700C1BB86 /* Bus_Schedule.app */;
			productType = "com.apple.product-type.application";
		};
		3F8823DF2FA9E3350070C89C /* Bus_ScheduleWidgetExtension */ = {
			isa = PBXNativeTarget;
			buildConfigurationList = 3F8823F42FA9E3370070C89C /* Build configuration list for PBXNativeTarget "Bus_ScheduleWidgetExtension" */;
			buildPhases = (
				3F8823DC2FA9E3350070C89C /* Sources */,
				3F8823DD2FA9E3350070C89C /* Frameworks */,
				3F8823DE2FA9E3350070C89C /* Resources */,
			);
			buildRules = (
			);
			dependencies = (
			);
			fileSystemSynchronizedGroups = (
				3F8823E62FA9E3350070C89C /* Bus_ScheduleWidget */,
			);
			name = Bus_ScheduleWidgetExtension;
			packageProductDependencies = (
				3F8824132FA9F62F0070C89C /* BusScheduleCore */,
			);
			productName = Bus_ScheduleWidgetExtension;
			productReference = 3F8823E02FA9E3350070C89C /* Bus_ScheduleWidgetExtension.appex */;
			productType = "com.apple.product-type.app-extension";
		};
		3F8824182FA9F6A40070C89C /* Bus_ScheduleWatch Watch App */ = {
			isa = PBXNativeTarget;
			buildConfigurationList = 3F8824242FA9F6A50070C89C /* Build configuration list for PBXNativeTarget "Bus_ScheduleWatch Watch App" */;
			buildPhases = (
				3F8824152FA9F6A40070C89C /* Sources */,
				3F8824162FA9F6A40070C89C /* Frameworks */,
				3F8824172FA9F6A40070C89C /* Resources */,
				3F8824452FA9F74B0070C89C /* Embed Foundation Extensions */,
			);
			buildRules = (
			);
			dependencies = (
				3F88243F2FA9F74B0070C89C /* PBXTargetDependency */,
			);
			fileSystemSynchronizedGroups = (
				3F88241A2FA9F6A40070C89C /* Bus_ScheduleWatch Watch App */,
			);
			name = "Bus_ScheduleWatch Watch App";
			packageProductDependencies = (
				3F8824822FA9F9E20070C89C /* BusScheduleCore */,
			);
			productName = "Bus_ScheduleWatch Watch App";
			productReference = 3F8824192FA9F6A40070C89C /* Bus_ScheduleWatch Watch App.app */;
			productType = "com.apple.product-type.application";
		};
		3F8824302FA9F74A0070C89C /* Bus_ScheduleWatchWidgetExtension */ = {
			isa = PBXNativeTarget;
			buildConfigurationList = 3F8824422FA9F74B0070C89C /* Build configuration list for PBXNativeTarget "Bus_ScheduleWatchWidgetExtension" */;
			buildPhases = (
				3F88242D2FA9F74A0070C89C /* Sources */,
				3F88242E2FA9F74A0070C89C /* Frameworks */,
				3F88242F2FA9F74A0070C89C /* Resources */,
			);
			buildRules = (
			);
			dependencies = (
			);
			fileSystemSynchronizedGroups = (
				3F8824342FA9F74A0070C89C /* Bus_ScheduleWatchWidget */,
			);
			name = Bus_ScheduleWatchWidgetExtension;
			packageProductDependencies = (
				3F8824842FA9F9ED0070C89C /* BusScheduleCore */,
			);
			productName = Bus_ScheduleWatchWidgetExtension;
			productReference = 3F8824312FA9F74A0070C89C /* Bus_ScheduleWatchWidgetExtension.appex */;
			productType = "com.apple.product-type.app-extension";
		};
/* End PBXNativeTarget section */

/* Begin PBXProject section */
		3F735EC82CE1BE3700C1BB86 /* Project object */ = {
			isa = PBXProject;
			attributes = {
				BuildIndependentTargetsInParallel = 1;
				LastSwiftUpdateCheck = 2640;
				LastUpgradeCheck = 1600;
				TargetAttributes = {
					3F735ECF2CE1BE3700C1BB86 = {
						CreatedOnToolsVersion = 16.0;
					};
					3F8823DF2FA9E3350070C89C = {
						CreatedOnToolsVersion = 26.4;
					};
					3F8824182FA9F6A40070C89C = {
						CreatedOnToolsVersion = 26.4;
					};
					3F8824302FA9F74A0070C89C = {
						CreatedOnToolsVersion = 26.4;
					};
				};
			};
			buildConfigurationList = 3F735ECB2CE1BE3700C1BB86 /* Build configuration list for PBXProject "Bus_Schedule" */;
			developmentRegion = en;
			hasScannedForEncodings = 0;
			knownRegions = (
				en,
				Base,
			);
			mainGroup = 3F735EC72CE1BE3700C1BB86;
			minimizedProjectReferenceProxies = 1;
			packageReferences = (
				3F8824102FA9F5B20070C89C /* XCLocalSwiftPackageReference "BusScheduleCore" */,
			);
			preferredProjectObjectVersion = 77;
			productRefGroup = 3F735ED12CE1BE3700C1BB86 /* Products */;
			projectDirPath = "";
			projectRoot = "";
			targets = (
				3F735ECF2CE1BE3700C1BB86 /* Bus_Schedule */,
				3F8823DF2FA9E3350070C89C /* Bus_ScheduleWidgetExtension */,
				3F8824182FA9F6A40070C89C /* Bus_ScheduleWatch Watch App */,
				3F8824302FA9F74A0070C89C /* Bus_ScheduleWatchWidgetExtension */,
			);
		};
/* End PBXProject section */

/* Begin PBXResourcesBuildPhase section */
		3F735ECE2CE1BE3700C1BB86 /* Resources */ = {
			isa = PBXResourcesBuildPhase;
			buildActionMask = 2147483647;
			files = (
			);
			runOnlyForDeploymentPostprocessing = 0;
		};
		3F8823DE2FA9E3350070C89C /* Resources */ = {
			isa = PBXResourcesBuildPhase;
			buildActionMask = 2147483647;
			files = (
			);
			runOnlyForDeploymentPostprocessing = 0;
		};
		3F8824172FA9F6A40070C89C /* Resources */ = {
			isa = PBXResourcesBuildPhase;
			buildActionMask = 2147483647;
			files = (
			);
			runOnlyForDeploymentPostprocessing = 0;
		};
		3F88242F2FA9F74A0070C89C /* Resources */ = {
			isa = PBXResourcesBuildPhase;
			buildActionMask = 2147483647;
			files = (
			);
			runOnlyForDeploymentPostprocessing = 0;
		};
/* End PBXResourcesBuildPhase section */

/* Begin PBXSourcesBuildPhase section */
		3F735ECC2CE1BE3700C1BB86 /* Sources */ = {
			isa = PBXSourcesBuildPhase;
			buildActionMask = 2147483647;
			files = (
			);
			runOnlyForDeploymentPostprocessing = 0;
		};
		3F8823DC2FA9E3350070C89C /* Sources */ = {
			isa = PBXSourcesBuildPhase;
			buildActionMask = 2147483647;
			files = (
			);
			runOnlyForDeploymentPostprocessing = 0;
		};
		3F8824152FA9F6A40070C89C /* Sources */ = {
			isa = PBXSourcesBuildPhase;
			buildActionMask = 2147483647;
			files = (
			);
			runOnlyForDeploymentPostprocessing = 0;
		};
		3F88242D2FA9F74A0070C89C /* Sources */ = {
			isa = PBXSourcesBuildPhase;
			buildActionMask = 2147483647;
			files = (
			);
			runOnlyForDeploymentPostprocessing = 0;
		};
/* End PBXSourcesBuildPhase section */

/* Begin PBXTargetDependency section */
		3F8823F12FA9E3370070C89C /* PBXTargetDependency */ = {
			isa = PBXTargetDependency;
			target = 3F8823DF2FA9E3350070C89C /* Bus_ScheduleWidgetExtension */;
			targetProxy = 3F8823F02FA9E3370070C89C /* PBXContainerItemProxy */;
		};
		3F8824222FA9F6A50070C89C /* PBXTargetDependency */ = {
			isa = PBXTargetDependency;
			target = 3F8824182FA9F6A40070C89C /* Bus_ScheduleWatch Watch App */;
			targetProxy = 3F8824212FA9F6A50070C89C /* PBXContainerItemProxy */;
		};
		3F88243F2FA9F74B0070C89C /* PBXTargetDependency */ = {
			isa = PBXTargetDependency;
			target = 3F8824302FA9F74A0070C89C /* Bus_ScheduleWatchWidgetExtension */;
			targetProxy = 3F88243E2FA9F74B0070C89C /* PBXContainerItemProxy */;
		};
/* End PBXTargetDependency section */

/* Begin XCBuildConfiguration section */
		3F735EDD2CE1BE3800C1BB86 /* Debug */ = {
			isa = XCBuildConfiguration;
			buildSettings = {
				ALWAYS_SEARCH_USER_PATHS = NO;
				ASSETCATALOG_COMPILER_GENERATE_SWIFT_ASSET_SYMBOL_EXTENSIONS = YES;
				CLANG_ANALYZER_NONNULL = YES;
				CLANG_ANALYZER_NUMBER_OBJECT_CONVERSION = YES_AGGRESSIVE;
				CLANG_CXX_LANGUAGE_STANDARD = "gnu++20";
				CLANG_ENABLE_MODULES = YES;
				CLANG_ENABLE_OBJC_ARC = YES;
				CLANG_ENABLE_OBJC_WEAK = YES;
				CLANG_WARN_BLOCK_CAPTURE_AUTORELEASING = YES;
				CLANG_WARN_BOOL_CONVERSION = YES;
				CLANG_WARN_COMMA = YES;
				CLANG_WARN_CONSTANT_CONVERSION = YES;
				CLANG_WARN_DEPRECATED_OBJC_IMPLEMENTATIONS = YES;
				CLANG_WARN_DIRECT_OBJC_ISA_USAGE = YES_ERROR;
				CLANG_WARN_DOCUMENTATION_COMMENTS = YES;
				CLANG_WARN_EMPTY_BODY = YES;
				CLANG_WARN_ENUM_CONVERSION = YES;
				CLANG_WARN_INFINITE_RECURSION = YES;
				CLANG_WARN_INT_CONVERSION = YES;
				CLANG_WARN_NON_LITERAL_NULL_CONVERSION = YES;
				CLANG_WARN_OBJC_IMPLICIT_RETAIN_SELF = YES;
				CLANG_WARN_OBJC_LITERAL_CONVERSION = YES;
				CLANG_WARN_OBJC_ROOT_CLASS = YES_ERROR;
				CLANG_WARN_QUOTED_INCLUDE_IN_FRAMEWORK_HEADER = YES;
				CLANG_WARN_RANGE_LOOP_ANALYSIS = YES;
				CLANG_WARN_STRICT_PROTOTYPES = YES;
				CLANG_WARN_SUSPICIOUS_MOVE = YES;
				CLANG_WARN_UNGUARDED_AVAILABILITY = YES_AGGRESSIVE;
				CLANG_WARN_UNREACHABLE_CODE = YES;
				CLANG_WARN__DUPLICATE_METHOD_MATCH = YES;
				COPY_PHASE_STRIP = NO;
				DEBUG_INFORMATION_FORMAT = dwarf;
				ENABLE_STRICT_OBJC_MSGSEND = YES;
				ENABLE_TESTABILITY = YES;
				ENABLE_USER_SCRIPT_SANDBOXING = YES;
				GCC_C_LANGUAGE_STANDARD = gnu17;
				GCC_DYNAMIC_NO_PIC = NO;
				GCC_NO_COMMON_BLOCKS = YES;
				GCC_OPTIMIZATION_LEVEL = 0;
				GCC_PREPROCESSOR_DEFINITIONS = (
					"DEBUG=1",
					"$(inherited)",
				);
				GCC_WARN_64_TO_32_BIT_CONVERSION = YES;
				GCC_WARN_ABOUT_RETURN_TYPE = YES_ERROR;
				GCC_WARN_UNDECLARED_SELECTOR = YES;
				GCC_WARN_UNINITIALIZED_AUTOS = YES_AGGRESSIVE;
				GCC_WARN_UNUSED_FUNCTION = YES;
				GCC_WARN_UNUSED_VARIABLE = YES;
				LOCALIZATION_PREFERS_STRING_CATALOGS = YES;
				MTL_ENABLE_DEBUG_INFO = INCLUDE_SOURCE;
				MTL_FAST_MATH = YES;
				ONLY_ACTIVE_ARCH = YES;
				SWIFT_ACTIVE_COMPILATION_CONDITIONS = "DEBUG $(inherited)";
				SWIFT_OPTIMIZATION_LEVEL = "-Onone";
			};
			name = Debug;
		};
		3F735EDE2CE1BE3800C1BB86 /* Release */ = {
			isa = XCBuildConfiguration;
			buildSettings = {
				ALWAYS_SEARCH_USER_PATHS = NO;
				ASSETCATALOG_COMPILER_GENERATE_SWIFT_ASSET_SYMBOL_EXTENSIONS = YES;
				CLANG_ANALYZER_NONNULL = YES;
				CLANG_ANALYZER_NUMBER_OBJECT_CONVERSION = YES_AGGRESSIVE;
				CLANG_CXX_LANGUAGE_STANDARD = "gnu++20";
				CLANG_ENABLE_MODULES = YES;
				CLANG_ENABLE_OBJC_ARC = YES;
				CLANG_ENABLE_OBJC_WEAK = YES;
				CLANG_WARN_BLOCK_CAPTURE_AUTORELEASING = YES;
				CLANG_WARN_BOOL_CONVERSION = YES;
				CLANG_WARN_COMMA = YES;
				CLANG_WARN_CONSTANT_CONVERSION = YES;
				CLANG_WARN_DEPRECATED_OBJC_IMPLEMENTATIONS = YES;
				CLANG_WARN_DIRECT_OBJC_ISA_USAGE = YES_ERROR;
				CLANG_WARN_DOCUMENTATION_COMMENTS = YES;
				CLANG_WARN_EMPTY_BODY = YES;
				CLANG_WARN_ENUM_CONVERSION = YES;
				CLANG_WARN_INFINITE_RECURSION = YES;
				CLANG_WARN_INT_CONVERSION = YES;
				CLANG_WARN_NON_LITERAL_NULL_CONVERSION = YES;
				CLANG_WARN_OBJC_IMPLICIT_RETAIN_SELF = YES;
				CLANG_WARN_OBJC_LITERAL_CONVERSION = YES;
				CLANG_WARN_OBJC_ROOT_CLASS = YES_ERROR;
				CLANG_WARN_QUOTED_INCLUDE_IN_FRAMEWORK_HEADER = YES;
				CLANG_WARN_RANGE_LOOP_ANALYSIS = YES;
				CLANG_WARN_STRICT_PROTOTYPES = YES;
				CLANG_WARN_SUSPICIOUS_MOVE = YES;
				CLANG_WARN_UNGUARDED_AVAILABILITY = YES_AGGRESSIVE;
				CLANG_WARN_UNREACHABLE_CODE = YES;
				CLANG_WARN__DUPLICATE_METHOD_MATCH = YES;
				COPY_PHASE_STRIP = NO;
				DEBUG_INFORMATION_FORMAT = "dwarf-with-dsym";
				ENABLE_NS_ASSERTIONS = NO;
				ENABLE_STRICT_OBJC_MSGSEND = YES;
				ENABLE_USER_SCRIPT_SANDBOXING = YES;
				GCC_C_LANGUAGE_STANDARD = gnu17;
				GCC_NO_COMMON_BLOCKS = YES;
				GCC_WARN_64_TO_32_BIT_CONVERSION = YES;
				GCC_WARN_ABOUT_RETURN_TYPE = YES_ERROR;
				GCC_WARN_UNDECLARED_SELECTOR = YES;
				GCC_WARN_UNINITIALIZED_AUTOS = YES_AGGRESSIVE;
				GCC_WARN_UNUSED_FUNCTION = YES;
				GCC_WARN_UNUSED_VARIABLE = YES;
				LOCALIZATION_PREFERS_STRING_CATALOGS = YES;
				MTL_ENABLE_DEBUG_INFO = NO;
				MTL_FAST_MATH = YES;
				SWIFT_COMPILATION_MODE = wholemodule;
			};
			name = Release;
		};
		3F735EE02CE1BE3800C1BB86 /* Debug */ = {
			isa = XCBuildConfiguration;
			buildSettings = {
				ASSETCATALOG_COMPILER_APPICON_NAME = AppIcon;
				ASSETCATALOG_COMPILER_GLOBAL_ACCENT_COLOR_NAME = AccentColor;
				CODE_SIGN_ENTITLEMENTS = Bus_Schedule/Bus_Schedule.entitlements;
				CODE_SIGN_STYLE = Automatic;
				CURRENT_PROJECT_VERSION = 1;
				DEVELOPMENT_ASSET_PATHS = "\"Bus_Schedule/Preview Content\"";
				DEVELOPMENT_TEAM = 3JX7MT92C7;
				ENABLE_HARDENED_RUNTIME = YES;
				ENABLE_PREVIEWS = YES;
				GENERATE_INFOPLIST_FILE = YES;
				"INFOPLIST_KEY_UIApplicationSceneManifest_Generation[sdk=iphoneos*]" = YES;
				"INFOPLIST_KEY_UIApplicationSceneManifest_Generation[sdk=iphonesimulator*]" = YES;
				"INFOPLIST_KEY_UIApplicationSupportsIndirectInputEvents[sdk=iphoneos*]" = YES;
				"INFOPLIST_KEY_UIApplicationSupportsIndirectInputEvents[sdk=iphonesimulator*]" = YES;
				"INFOPLIST_KEY_UILaunchScreen_Generation[sdk=iphoneos*]" = YES;
				"INFOPLIST_KEY_UILaunchScreen_Generation[sdk=iphonesimulator*]" = YES;
				"INFOPLIST_KEY_UIStatusBarStyle[sdk=iphoneos*]" = UIStatusBarStyleDefault;
				"INFOPLIST_KEY_UIStatusBarStyle[sdk=iphonesimulator*]" = UIStatusBarStyleDefault;
				INFOPLIST_KEY_UISupportedInterfaceOrientations_iPad = "UIInterfaceOrientationPortrait UIInterfaceOrientationPortraitUpsideDown UIInterfaceOrientationLandscapeLeft UIInterfaceOrientationLandscapeRight";
				INFOPLIST_KEY_UISupportedInterfaceOrientations_iPhone = "UIInterfaceOrientationPortrait UIInterfaceOrientationLandscapeLeft UIInterfaceOrientationLandscapeRight";
				IPHONEOS_DEPLOYMENT_TARGET = 18.0;
				LD_RUNPATH_SEARCH_PATHS = "@executable_path/Frameworks";
				"LD_RUNPATH_SEARCH_PATHS[sdk=macosx*]" = "@executable_path/../Frameworks";
				MACOSX_DEPLOYMENT_TARGET = 15.0;
				MARKETING_VERSION = 1.0;
				PRODUCT_BUNDLE_IDENTIFIER = "Jerry-Lu.Bus-Schedule";
				PRODUCT_NAME = "$(TARGET_NAME)";
				SDKROOT = auto;
				SUPPORTED_PLATFORMS = "iphoneos iphonesimulator macosx xros xrsimulator";
				SWIFT_EMIT_LOC_STRINGS = YES;
				SWIFT_VERSION = 5.0;
				TARGETED_DEVICE_FAMILY = "1,2,7";
				XROS_DEPLOYMENT_TARGET = 2.0;
			};
			name = Debug;
		};
		3F735EE12CE1BE3800C1BB86 /* Release */ = {
			isa = XCBuildConfiguration;
			buildSettings = {
				ASSETCATALOG_COMPILER_APPICON_NAME = AppIcon;
				ASSETCATALOG_COMPILER_GLOBAL_ACCENT_COLOR_NAME = AccentColor;
				CODE_SIGN_ENTITLEMENTS = Bus_Schedule/Bus_Schedule.entitlements;
				CODE_SIGN_STYLE = Automatic;
				CURRENT_PROJECT_VERSION = 1;
				DEVELOPMENT_ASSET_PATHS = "\"Bus_Schedule/Preview Content\"";
				DEVELOPMENT_TEAM = 3JX7MT92C7;
				ENABLE_HARDENED_RUNTIME = YES;
				ENABLE_PREVIEWS = YES;
				GENERATE_INFOPLIST_FILE = YES;
				"INFOPLIST_KEY_UIApplicationSceneManifest_Generation[sdk=iphoneos*]" = YES;
				"INFOPLIST_KEY_UIApplicationSceneManifest_Generation[sdk=iphonesimulator*]" = YES;
				"INFOPLIST_KEY_UIApplicationSupportsIndirectInputEvents[sdk=iphoneos*]" = YES;
				"INFOPLIST_KEY_UIApplicationSupportsIndirectInputEvents[sdk=iphonesimulator*]" = YES;
				"INFOPLIST_KEY_UILaunchScreen_Generation[sdk=iphoneos*]" = YES;
				"INFOPLIST_KEY_UILaunchScreen_Generation[sdk=iphonesimulator*]" = YES;
				"INFOPLIST_KEY_UIStatusBarStyle[sdk=iphoneos*]" = UIStatusBarStyleDefault;
				"INFOPLIST_KEY_UIStatusBarStyle[sdk=iphonesimulator*]" = UIStatusBarStyleDefault;
				INFOPLIST_KEY_UISupportedInterfaceOrientations_iPad = "UIInterfaceOrientationPortrait UIInterfaceOrientationPortraitUpsideDown UIInterfaceOrientationLandscapeLeft UIInterfaceOrientationLandscapeRight";
				INFOPLIST_KEY_UISupportedInterfaceOrientations_iPhone = "UIInterfaceOrientationPortrait UIInterfaceOrientationLandscapeLeft UIInterfaceOrientationLandscapeRight";
				IPHONEOS_DEPLOYMENT_TARGET = 18.0;
				LD_RUNPATH_SEARCH_PATHS = "@executable_path/Frameworks";
				"LD_RUNPATH_SEARCH_PATHS[sdk=macosx*]" = "@executable_path/../Frameworks";
				MACOSX_DEPLOYMENT_TARGET = 15.0;
				MARKETING_VERSION = 1.0;
				PRODUCT_BUNDLE_IDENTIFIER = "Jerry-Lu.Bus-Schedule";
				PRODUCT_NAME = "$(TARGET_NAME)";
				SDKROOT = auto;
				SUPPORTED_PLATFORMS = "iphoneos iphonesimulator macosx xros xrsimulator";
				SWIFT_EMIT_LOC_STRINGS = YES;
				SWIFT_VERSION = 5.0;
				TARGETED_DEVICE_FAMILY = "1,2,7";
				XROS_DEPLOYMENT_TARGET = 2.0;
			};
			name = Release;
		};
		3F8823F52FA9E3370070C89C /* Debug */ = {
			isa = XCBuildConfiguration;
			buildSettings = {
				ASSETCATALOG_COMPILER_GLOBAL_ACCENT_COLOR_NAME = AccentColor;
				ASSETCATALOG_COMPILER_WIDGET_BACKGROUND_COLOR_NAME = WidgetBackground;
				CODE_SIGN_ENTITLEMENTS = Bus_ScheduleWidget/Bus_ScheduleWidget.entitlements;
				CODE_SIGN_STYLE = Automatic;
				CURRENT_PROJECT_VERSION = 1;
				DEVELOPMENT_TEAM = 3JX7MT92C7;
				GENERATE_INFOPLIST_FILE = YES;
				INFOPLIST_FILE = Bus_ScheduleWidget/Info.plist;
				INFOPLIST_KEY_CFBundleDisplayName = Bus_ScheduleWidget;
				INFOPLIST_KEY_NSHumanReadableCopyright = "";
				IPHONEOS_DEPLOYMENT_TARGET = 26.4;
				LD_RUNPATH_SEARCH_PATHS = (
					"$(inherited)",
					"@executable_path/Frameworks",
					"@executable_path/../../Frameworks",
				);
				MARKETING_VERSION = 1.0;
				PRODUCT_BUNDLE_IDENTIFIER = "Jerry-Lu.Bus-Schedule.Bus-ScheduleWidget";
				PRODUCT_NAME = "$(TARGET_NAME)";
				SDKROOT = iphoneos;
				SKIP_INSTALL = YES;
				STRING_CATALOG_GENERATE_SYMBOLS = YES;
				SWIFT_APPROACHABLE_CONCURRENCY = YES;
				SWIFT_EMIT_LOC_STRINGS = YES;
				SWIFT_UPCOMING_FEATURE_MEMBER_IMPORT_VISIBILITY = YES;
				SWIFT_VERSION = 5.0;
				TARGETED_DEVICE_FAMILY = "1,2";
			};
			name = Debug;
		};
		3F8823F62FA9E3370070C89C /* Release */ = {
			isa = XCBuildConfiguration;
			buildSettings = {
				ASSETCATALOG_COMPILER_GLOBAL_ACCENT_COLOR_NAME = AccentColor;
				ASSETCATALOG_COMPILER_WIDGET_BACKGROUND_COLOR_NAME = WidgetBackground;
				CODE_SIGN_ENTITLEMENTS = Bus_ScheduleWidget/Bus_ScheduleWidget.entitlements;
				CODE_SIGN_STYLE = Automatic;
				CURRENT_PROJECT_VERSION = 1;
				DEVELOPMENT_TEAM = 3JX7MT92C7;
				GENERATE_INFOPLIST_FILE = YES;
				INFOPLIST_FILE = Bus_ScheduleWidget/Info.plist;
				INFOPLIST_KEY_CFBundleDisplayName = Bus_ScheduleWidget;
				INFOPLIST_KEY_NSHumanReadableCopyright = "";
				IPHONEOS_DEPLOYMENT_TARGET = 26.4;
				LD_RUNPATH_SEARCH_PATHS = (
					"$(inherited)",
					"@executable_path/Frameworks",
					"@executable_path/../../Frameworks",
				);
				MARKETING_VERSION = 1.0;
				PRODUCT_BUNDLE_IDENTIFIER = "Jerry-Lu.Bus-Schedule.Bus-ScheduleWidget";
				PRODUCT_NAME = "$(TARGET_NAME)";
				SDKROOT = iphoneos;
				SKIP_INSTALL = YES;
				STRING_CATALOG_GENERATE_SYMBOLS = YES;
				SWIFT_APPROACHABLE_CONCURRENCY = YES;
				SWIFT_EMIT_LOC_STRINGS = YES;
				SWIFT_UPCOMING_FEATURE_MEMBER_IMPORT_VISIBILITY = YES;
				SWIFT_VERSION = 5.0;
				TARGETED_DEVICE_FAMILY = "1,2";
				VALIDATE_PRODUCT = YES;
			};
			name = Release;
		};
		3F8824252FA9F6A50070C89C /* Debug */ = {
			isa = XCBuildConfiguration;
			buildSettings = {
				ASSETCATALOG_COMPILER_APPICON_NAME = AppIcon;
				ASSETCATALOG_COMPILER_GLOBAL_ACCENT_COLOR_NAME = AccentColor;
				CODE_SIGN_ENTITLEMENTS = "Bus_ScheduleWatch Watch App/Bus_ScheduleWatch.entitlements";
				CODE_SIGN_STYLE = Automatic;
				CURRENT_PROJECT_VERSION = 1;
				DEVELOPMENT_TEAM = 3JX7MT92C7;
				ENABLE_PREVIEWS = YES;
				GENERATE_INFOPLIST_FILE = YES;
				INFOPLIST_KEY_CFBundleDisplayName = Bus_ScheduleWatch;
				INFOPLIST_KEY_UISupportedInterfaceOrientations = "UIInterfaceOrientationPortrait UIInterfaceOrientationPortraitUpsideDown";
				INFOPLIST_KEY_WKCompanionAppBundleIdentifier = "Jerry-Lu.Bus-Schedule";
				LD_RUNPATH_SEARCH_PATHS = (
					"$(inherited)",
					"@executable_path/Frameworks",
				);
				MARKETING_VERSION = 1.0;
				PRODUCT_BUNDLE_IDENTIFIER = "Jerry-Lu.Bus-Schedule.watchkitapp";
				PRODUCT_NAME = "$(TARGET_NAME)";
				SDKROOT = watchos;
				SKIP_INSTALL = YES;
				STRING_CATALOG_GENERATE_SYMBOLS = YES;
				SWIFT_APPROACHABLE_CONCURRENCY = YES;
				SWIFT_DEFAULT_ACTOR_ISOLATION = MainActor;
				SWIFT_EMIT_LOC_STRINGS = YES;
				SWIFT_UPCOMING_FEATURE_MEMBER_IMPORT_VISIBILITY = YES;
				SWIFT_VERSION = 5.0;
				TARGETED_DEVICE_FAMILY = 4;
				WATCHOS_DEPLOYMENT_TARGET = 26.4;
			};
			name = Debug;
		};
		3F8824262FA9F6A50070C89C /* Release */ = {
			isa = XCBuildConfiguration;
			buildSettings = {
				ASSETCATALOG_COMPILER_APPICON_NAME = AppIcon;
				ASSETCATALOG_COMPILER_GLOBAL_ACCENT_COLOR_NAME = AccentColor;
				CODE_SIGN_ENTITLEMENTS = "Bus_ScheduleWatch Watch App/Bus_ScheduleWatch.entitlements";
				CODE_SIGN_STYLE = Automatic;
				CURRENT_PROJECT_VERSION = 1;
				DEVELOPMENT_TEAM = 3JX7MT92C7;
				ENABLE_PREVIEWS = YES;
				GENERATE_INFOPLIST_FILE = YES;
				INFOPLIST_KEY_CFBundleDisplayName = Bus_ScheduleWatch;
				INFOPLIST_KEY_UISupportedInterfaceOrientations = "UIInterfaceOrientationPortrait UIInterfaceOrientationPortraitUpsideDown";
				INFOPLIST_KEY_WKCompanionAppBundleIdentifier = "Jerry-Lu.Bus-Schedule";
				LD_RUNPATH_SEARCH_PATHS = (
					"$(inherited)",
					"@executable_path/Frameworks",
				);
				MARKETING_VERSION = 1.0;
				PRODUCT_BUNDLE_IDENTIFIER = "Jerry-Lu.Bus-Schedule.watchkitapp";
				PRODUCT_NAME = "$(TARGET_NAME)";
				SDKROOT = watchos;
				SKIP_INSTALL = YES;
				STRING_CATALOG_GENERATE_SYMBOLS = YES;
				SWIFT_APPROACHABLE_CONCURRENCY = YES;
				SWIFT_DEFAULT_ACTOR_ISOLATION = MainActor;
				SWIFT_EMIT_LOC_STRINGS = YES;
				SWIFT_UPCOMING_FEATURE_MEMBER_IMPORT_VISIBILITY = YES;
				SWIFT_VERSION = 5.0;
				TARGETED_DEVICE_FAMILY = 4;
				VALIDATE_PRODUCT = YES;
				WATCHOS_DEPLOYMENT_TARGET = 26.4;
			};
			name = Release;
		};
		3F8824432FA9F74B0070C89C /* Debug */ = {
			isa = XCBuildConfiguration;
			buildSettings = {
				ASSETCATALOG_COMPILER_GLOBAL_ACCENT_COLOR_NAME = AccentColor;
				ASSETCATALOG_COMPILER_WIDGET_BACKGROUND_COLOR_NAME = WidgetBackground;
				CODE_SIGN_ENTITLEMENTS = Bus_ScheduleWatchWidget/Bus_ScheduleWatchWidget.entitlements;
				CODE_SIGN_STYLE = Automatic;
				CURRENT_PROJECT_VERSION = 1;
				DEVELOPMENT_TEAM = 3JX7MT92C7;
				GENERATE_INFOPLIST_FILE = YES;
				INFOPLIST_FILE = Bus_ScheduleWatchWidget/Info.plist;
				INFOPLIST_KEY_CFBundleDisplayName = Bus_ScheduleWatchWidget;
				INFOPLIST_KEY_NSHumanReadableCopyright = "";
				LD_RUNPATH_SEARCH_PATHS = (
					"$(inherited)",
					"@executable_path/Frameworks",
					"@executable_path/../../Frameworks",
					"@executable_path/../../../../Frameworks",
				);
				MARKETING_VERSION = 1.0;
				PRODUCT_BUNDLE_IDENTIFIER = "Jerry-Lu.Bus-Schedule.watchkitapp.Bus-ScheduleWatchWidget";
				PRODUCT_NAME = "$(TARGET_NAME)";
				SDKROOT = watchos;
				SKIP_INSTALL = YES;
				STRING_CATALOG_GENERATE_SYMBOLS = YES;
				SWIFT_APPROACHABLE_CONCURRENCY = YES;
				SWIFT_EMIT_LOC_STRINGS = YES;
				SWIFT_UPCOMING_FEATURE_MEMBER_IMPORT_VISIBILITY = YES;
				SWIFT_VERSION = 5.0;
				TARGETED_DEVICE_FAMILY = 4;
				WATCHOS_DEPLOYMENT_TARGET = 26.4;
			};
			name = Debug;
		};
		3F8824442FA9F74B0070C89C /* Release */ = {
			isa = XCBuildConfiguration;
			buildSettings = {
				ASSETCATALOG_COMPILER_GLOBAL_ACCENT_COLOR_NAME = AccentColor;
				ASSETCATALOG_COMPILER_WIDGET_BACKGROUND_COLOR_NAME = WidgetBackground;
				CODE_SIGN_ENTITLEMENTS = Bus_ScheduleWatchWidget/Bus_ScheduleWatchWidget.entitlements;
				CODE_SIGN_STYLE = Automatic;
				CURRENT_PROJECT_VERSION = 1;
				DEVELOPMENT_TEAM = 3JX7MT92C7;
				GENERATE_INFOPLIST_FILE = YES;
				INFOPLIST_FILE = Bus_ScheduleWatchWidget/Info.plist;
				INFOPLIST_KEY_CFBundleDisplayName = Bus_ScheduleWatchWidget;
				INFOPLIST_KEY_NSHumanReadableCopyright = "";
				LD_RUNPATH_SEARCH_PATHS = (
					"$(inherited)",
					"@executable_path/Frameworks",
					"@executable_path/../../Frameworks",
					"@executable_path/../../../../Frameworks",
				);
				MARKETING_VERSION = 1.0;
				PRODUCT_BUNDLE_IDENTIFIER = "Jerry-Lu.Bus-Schedule.watchkitapp.Bus-ScheduleWatchWidget";
				PRODUCT_NAME = "$(TARGET_NAME)";
				SDKROOT = watchos;
				SKIP_INSTALL = YES;
				STRING_CATALOG_GENERATE_SYMBOLS = YES;
				SWIFT_APPROACHABLE_CONCURRENCY = YES;
				SWIFT_EMIT_LOC_STRINGS = YES;
				SWIFT_UPCOMING_FEATURE_MEMBER_IMPORT_VISIBILITY = YES;
				SWIFT_VERSION = 5.0;
				TARGETED_DEVICE_FAMILY = 4;
				VALIDATE_PRODUCT = YES;
				WATCHOS_DEPLOYMENT_TARGET = 26.4;
			};
			name = Release;
		};
/* End XCBuildConfiguration section */

/* Begin XCConfigurationList section */
		3F735ECB2CE1BE3700C1BB86 /* Build configuration list for PBXProject "Bus_Schedule" */ = {
			isa = XCConfigurationList;
			buildConfigurations = (
				3F735EDD2CE1BE3800C1BB86 /* Debug */,
				3F735EDE2CE1BE3800C1BB86 /* Release */,
			);
			defaultConfigurationIsVisible = 0;
			defaultConfigurationName = Release;
		};
		3F735EDF2CE1BE3800C1BB86 /* Build configuration list for PBXNativeTarget "Bus_Schedule" */ = {
			isa = XCConfigurationList;
			buildConfigurations = (
				3F735EE02CE1BE3800C1BB86 /* Debug */,
				3F735EE12CE1BE3800C1BB86 /* Release */,
			);
			defaultConfigurationIsVisible = 0;
			defaultConfigurationName = Release;
		};
		3F8823F42FA9E3370070C89C /* Build configuration list for PBXNativeTarget "Bus_ScheduleWidgetExtension" */ = {
			isa = XCConfigurationList;
			buildConfigurations = (
				3F8823F52FA9E3370070C89C /* Debug */,
				3F8823F62FA9E3370070C89C /* Release */,
			);
			defaultConfigurationIsVisible = 0;
			defaultConfigurationName = Release;
		};
		3F8824242FA9F6A50070C89C /* Build configuration list for PBXNativeTarget "Bus_ScheduleWatch Watch App" */ = {
			isa = XCConfigurationList;
			buildConfigurations = (
				3F8824252FA9F6A50070C89C /* Debug */,
				3F8824262FA9F6A50070C89C /* Release */,
			);
			defaultConfigurationIsVisible = 0;
			defaultConfigurationName = Release;
		};
		3F8824422FA9F74B0070C89C /* Build configuration list for PBXNativeTarget "Bus_ScheduleWatchWidgetExtension" */ = {
			isa = XCConfigurationList;
			buildConfigurations = (
				3F8824432FA9F74B0070C89C /* Debug */,
				3F8824442FA9F74B0070C89C /* Release */,
			);
			defaultConfigurationIsVisible = 0;
			defaultConfigurationName = Release;
		};
/* End XCConfigurationList section */

/* Begin XCLocalSwiftPackageReference section */
		3F8824102FA9F5B20070C89C /* XCLocalSwiftPackageReference "BusScheduleCore" */ = {
			isa = XCLocalSwiftPackageReference;
			relativePath = BusScheduleCore;
		};
/* End XCLocalSwiftPackageReference section */

/* Begin XCSwiftPackageProductDependency section */
		3F8824112FA9F5B20070C89C /* BusScheduleCore */ = {
			isa = XCSwiftPackageProductDependency;
			productName = BusScheduleCore;
		};
		3F8824132FA9F62F0070C89C /* BusScheduleCore */ = {
			isa = XCSwiftPackageProductDependency;
			package = 3F8824102FA9F5B20070C89C /* XCLocalSwiftPackageReference "BusScheduleCore" */;
			productName = BusScheduleCore;
		};
		3F8824822FA9F9E20070C89C /* BusScheduleCore */ = {
			isa = XCSwiftPackageProductDependency;
			package = 3F8824102FA9F5B20070C89C /* XCLocalSwiftPackageReference "BusScheduleCore" */;
			productName = BusScheduleCore;
		};
		3F8824842FA9F9ED0070C89C /* BusScheduleCore */ = {
			isa = XCSwiftPackageProductDependency;
			package = 3F8824102FA9F5B20070C89C /* XCLocalSwiftPackageReference "BusScheduleCore" */;
			productName = BusScheduleCore;
		};
/* End XCSwiftPackageProductDependency section */
	};
	rootObject = 3F735EC82CE1BE3700C1BB86 /* Project object */;
}
